
Microsoft Visual Studio Solution File, Format Version 12.00
# Visual Studio Version 17
VisualStudioVersion = 17.0.31912.275
MinimumVisualStudioVersion = 10.0.40219.1
Project("{FAE04EC0-301F-11D3-BF4B-00C04F79EFBC}") = "SBCentralControl", "SBCentralControl.csproj", "{F3B1F011-4459-41DA-B8C6-1F8D1B98F332}"
EndProject
Global
	GlobalSection(SolutionConfigurationPlatforms) = preSolution
		Debug|Any CPU = Debug|Any CPU
		Release|Any CPU = Release|Any CPU
	EndGlobalSection
	GlobalSection(ProjectConfigurationPlatforms) = postSolution
		{F3B1F011-4459-41DA-B8C6-1F8D1B98F332}.Debug|Any CPU.ActiveCfg = Debug|Any CPU
		{F3B1F011-4459-41DA-B8C6-1F8D1B98F332}.Debug|Any CPU.Build.0 = Debug|Any CPU
		{F3B1F011-4459-41DA-B8C6-1F8D1B98F332}.Release|Any CPU.ActiveCfg = Release|Any CPU
		{F3B1F011-4459-41DA-B8C6-1F8D1B98F332}.Release|Any CPU.Build.0 = Release|Any CPU
	EndGlobalSection
	GlobalSection(SolutionProperties) = preSolution
		HideSolutionNode = FALSE
	EndGlobalSection
	GlobalSection(ExtensibilityGlobals) = postSolution
		SolutionGuid = {AEF7A574-7A16-452A-A1AD-62536F94696F}
	EndGlobalSection
EndGlobal
