
Microsoft Visual Studio Solution File, Format Version 12.00
# Visual Studio Version 17
VisualStudioVersion = 17.0.31912.275
MinimumVisualStudioVersion = 10.0.40219.1
Project("{FAE04EC0-301F-11D3-BF4B-00C04F79EFBC}") = "MaxRankLevel", "MaxRankLevel.csproj", "{82E6215D-6213-45BA-A79C-5DD3E3A38B48}"
EndProject
Global
	GlobalSection(SolutionConfigurationPlatforms) = preSolution
		Debug|Any CPU = Debug|Any CPU
		Release|Any CPU = Release|Any CPU
	EndGlobalSection
	GlobalSection(ProjectConfigurationPlatforms) = postSolution
		{82E6215D-6213-45BA-A79C-5DD3E3A38B48}.Debug|Any CPU.ActiveCfg = Debug|Any CPU
		{82E6215D-6213-45BA-A79C-5DD3E3A38B48}.Debug|Any CPU.Build.0 = Debug|Any CPU
		{82E6215D-6213-45BA-A79C-5DD3E3A38B48}.Release|Any CPU.ActiveCfg = Release|Any CPU
		{82E6215D-6213-45BA-A79C-5DD3E3A38B48}.Release|Any CPU.Build.0 = Release|Any CPU
	EndGlobalSection
	GlobalSection(SolutionProperties) = preSolution
		HideSolutionNode = FALSE
	EndGlobalSection
	GlobalSection(ExtensibilityGlobals) = postSolution
		SolutionGuid = {E320866E-9B5D-49E2-B61B-78C4AD931BAF}
	EndGlobalSection
EndGlobal
